{
  "nodes": {
    "nixpkgs": {
      "locked": {
        "lastModified": 1708751719,
        "narHash": "sha256-0uWOKSpXJXmXswOvDM5Vk3blB74apFB6rNGWV5IjoN0=",
        "owner": "NixOS",
        "repo": "nixpkgs",
        "rev": "f63ce824cd2f036216eb5f637dfef31e1a03ee89",
        "type": "github"
      },
      "original": {
        "id": "nixpkgs",
        "ref": "nixpkgs-unstable",
        "type": "indirect"
      }
    },
    "root": {
      "inputs": {
        "nixpkgs": "nixpkgs",
        "s": "s"
      }
    },
    "s": {
      "locked": {
        "lastModified": 1706894945,
        "narHash": "sha256-+n1/wxI6EarOJtnQMmw0AjYQ2YP4A/x4OKMEjsm+f88=",
        "owner": "sgonzalezoyuela",
        "repo": "nixpkgs",
        "rev": "a9eba62d9e62cee71e69104a600023719e44eacc",
        "type": "github"
      },
      "original": {
        "owner": "sgonzalezoyuela",
        "repo": "nixpkgs",
        "rev": "a9eba62d9e62cee71e69104a600023719e44eacc",
        "type": "github"
      }
    }
  },
  "root": "root",
  "version": 7
}
